
Microsoft Visual Studio Solution File, Format Version 12.00
# Visual Studio Version 17
VisualStudioVersion = 17.14.36414.22
MinimumVisualStudioVersion = 10.0.40219.1
Project("{FAE04EC0-301F-11D3-BF4B-00C04F79EFBC}") = "01_Algoritma", "01_Algoritma\01_Algoritma.csproj", "{221897D6-9177-4F47-88C3-BF16C844684F}"
EndProject
Project("{FAE04EC0-301F-11D3-BF4B-00C04F79EFBC}") = "02_Degiskenler_VeriTipleri", "02_Degiskenler_VeriTipleri\02_Degiskenler_VeriTipleri.csproj", "{B2CC976E-7A97-4026-B429-11BBB7E6EF2B}"
EndProject
Project("{FAE04EC0-301F-11D3-BF4B-00C04F79EFBC}") = "03_TurDonusumleri_Operatorler", "03_TurDonusumleri_Operatorler\03_TurDonusumleri_Operatorler.csproj", "{919A729E-E2BA-4CDA-8664-BAD9A39E25C4}"
EndProject
Project("{FAE04EC0-301F-11D3-BF4B-00C04F79EFBC}") = "04_DateTime", "04_DateTime\04_DateTime.csproj", "{E92952BF-9DF2-4ED0-9502-BAB6D8617615}"
EndProject
Project("{FAE04EC0-301F-11D3-BF4B-00C04F79EFBC}") = "05_StringMetotlar", "05_StringMetotlar\05_StringMetotlar.csproj", "{0BD7E911-F922-4FD1-9B6B-BD1719C3C156}"
EndProject
Project("{FAE04EC0-301F-11D3-BF4B-00C04F79EFBC}") = "06_KararYapilari", "06_KararYapilari\06_KararYapilari.csproj", "{931DF6D9-021D-D63A-ADE6-3A143E5CA2F9}"
EndProject
Project("{FAE04EC0-301F-11D3-BF4B-00C04F79EFBC}") = "07_Bankamatik", "07_Bankamatik\07_Bankamatik.csproj", "{A5D95CA8-6FE6-46F0-B832-368BB0BC6248}"
EndProject
Project("{FAE04EC0-301F-11D3-BF4B-00C04F79EFBC}") = "08_Döngüler", "08_Döngüler\08_Döngüler.csproj", "{0BC706BE-9E23-4962-A2B3-44BF51BFEED8}"
EndProject
Project("{FAE04EC0-301F-11D3-BF4B-00C04F79EFBC}") = "09_Array", "09_Array\09_Array.csproj", "{AC1577A7-F7F3-48FC-BA5C-4CBFD448B0F0}"
EndProject
Project("{FAE04EC0-301F-11D3-BF4B-00C04F79EFBC}") = "10_Otomat", "10_Otomat\10_Otomat.csproj", "{2529A926-BBDE-4905-B375-43AD81CDCAAD}"
EndProject
Project("{FAE04EC0-301F-11D3-BF4B-00C04F79EFBC}") = "11_ArrayList", "11_ArrayList\11_ArrayList.csproj", "{01200BA8-79AC-4A5B-9666-A5743B26C2B5}"
EndProject
Project("{FAE04EC0-301F-11D3-BF4B-00C04F79EFBC}") = "12_Methods", "12_Methods\12_Methods.csproj", "{52B8344E-5458-4860-8F96-E996245E929A}"
EndProject
Project("{FAE04EC0-301F-11D3-BF4B-00C04F79EFBC}") = "13_List", "13_List\13_List.csproj", "{6753ECCC-5387-4A55-9047-45666F4312D2}"
EndProject
Project("{FAE04EC0-301F-11D3-BF4B-00C04F79EFBC}") = "14_Class_1", "14_Class_1\14_Class_1.csproj", "{0D70DD89-B89E-4095-8B3F-9C23ABBD4694}"
EndProject
Project("{FAE04EC0-301F-11D3-BF4B-00C04F79EFBC}") = "14_Class_2", "14_Class_2\14_Class_2.csproj", "{C049C569-A9A4-4073-BB03-21EEC6083248}"
EndProject
Project("{FAE04EC0-301F-11D3-BF4B-00C04F79EFBC}") = "14_Class_3", "14_Class_3\14_Class_3.csproj", "{F55F7745-4885-4877-94E4-A95E4DE4A51A}"
EndProject
Project("{FAE04EC0-301F-11D3-BF4B-00C04F79EFBC}") = "15_Kutuphane_Otomasyonu", "15_Kutuphane_Otomasyonu\15_Kutuphane_Otomasyonu.csproj", "{7AD99C99-A045-4ADF-978C-A3533004F1A2}"
EndProject
Project("{FAE04EC0-301F-11D3-BF4B-00C04F79EFBC}") = "16_Class_1_Constructor", "16_Class_1_Constructor\16_Class_1_Constructor.csproj", "{22624D5D-53C8-48AD-B01F-5C31FFAB2CF4}"
EndProject
Project("{FAE04EC0-301F-11D3-BF4B-00C04F79EFBC}") = "16_Class_2_Enum", "16_Class_2_Enum\16_Class_2_Enum.csproj", "{40232A27-2277-42C7-B4EA-73505D42B03A}"
EndProject
Project("{FAE04EC0-301F-11D3-BF4B-00C04F79EFBC}") = "15_Class_2_Enum_2", "15_Class_2_Enum_2\15_Class_2_Enum_2.csproj", "{6E39CF06-6A58-4455-90FC-C366CDB6AFF6}"
EndProject
Project("{FAE04EC0-301F-11D3-BF4B-00C04F79EFBC}") = "16_Class_3_Enum", "16_Class_3_Enum\16_Class_3_Enum.csproj", "{969B7C2C-C938-4A3C-82F2-B11834C7FE35}"
EndProject
Project("{FAE04EC0-301F-11D3-BF4B-00C04F79EFBC}") = "16_Class_4_This", "16_Class_4_This\16_Class_4_This.csproj", "{10B5A262-2CFE-47BA-A1D5-B89573741C2F}"
EndProject
Project("{FAE04EC0-301F-11D3-BF4B-00C04F79EFBC}") = "16_Class_5_Partial", "16_Class_5_Partial\16_Class_5_Partial.csproj", "{DB2D7D7F-178C-470D-A1D0-D12EEE3FC98F}"
EndProject
Project("{FAE04EC0-301F-11D3-BF4B-00C04F79EFBC}") = "16_Class_6_RestaurantOtomasyonu", "16_Class_6_RestaurantOtomasyonu\16_Class_6_RestaurantOtomasyonu.csproj", "{561270EC-E6B2-4440-B993-701902B81BE4}"
EndProject
Project("{FAE04EC0-301F-11D3-BF4B-00C04F79EFBC}") = "17_OOP_1", "17_OOP_1\17_OOP_1.csproj", "{0275406E-0C7E-451E-8E45-C6544FEEF669}"
EndProject
Project("{FAE04EC0-301F-11D3-BF4B-00C04F79EFBC}") = "17_OOP_2_Encapsulation", "17_OOP_2_Encapsulation\17_OOP_2_Encapsulation.csproj", "{52E0ACB2-10BF-4467-A207-7474D67A804B}"
EndProject
Project("{FAE04EC0-301F-11D3-BF4B-00C04F79EFBC}") = "17_OOP_2_Encapsulation_2", "17_OOP_2_Encapsulation_2\17_OOP_2_Encapsulation_2.csproj", "{13BDBF6E-8306-471E-AAD4-8435725C6830}"
EndProject
Project("{FAE04EC0-301F-11D3-BF4B-00C04F79EFBC}") = "17_OOP_3_Inheritance_1", "17_OOP_3_Inheritance_1\17_OOP_3_Inheritance_1.csproj", "{1E70613A-0A10-410E-9E90-D827B74E8642}"
EndProject
Project("{FAE04EC0-301F-11D3-BF4B-00C04F79EFBC}") = "17_OOP_3_Inheritance_2", "17_OOP_3_Inheritance_2\17_OOP_3_Inheritance_2.csproj", "{A61CF3C6-BB17-4EBA-B8B2-6495DB8AFE03}"
EndProject
Project("{FAE04EC0-301F-11D3-BF4B-00C04F79EFBC}") = "17_OOP_3_Inheritance_3", "17_OOP_3_Inheritance_3\17_OOP_3_Inheritance_3.csproj", "{326036F8-8C8A-4F01-9FA1-36161769F369}"
EndProject
Project("{FAE04EC0-301F-11D3-BF4B-00C04F79EFBC}") = "17_OOP_3_Inheritance_4", "17_OOP_3_Inheritance_4\17_OOP_3_Inheritance_4.csproj", "{59B8125C-E6C4-48BF-929B-8BB8E8519801}"
EndProject
Project("{FAE04EC0-301F-11D3-BF4B-00C04F79EFBC}") = "17_OOP_3_Inheritance_5", "17_OOP_3_Inheritance_5\17_OOP_3_Inheritance_5.csproj", "{897CDC92-1495-48C3-B005-59C9EA4EB0C7}"
EndProject
Project("{2150E333-8FDC-42A3-9474-1A3956D46DE8}") = "Solution Items", "Solution Items", "{02EA681E-C7D8-13C7-8484-4AC65E1B71E8}"
	ProjectSection(SolutionItems) = preProject
		.editorconfig = .editorconfig
	EndProjectSection
EndProject
Project("{FAE04EC0-301F-11D3-BF4B-00C04F79EFBC}") = "17_OOP_3_ManavOtomasyonu", "17_OOP_3_ManavOtomasyonu\17_OOP_3_ManavOtomasyonu.csproj", "{0E608A3F-C363-4D94-AB4D-DC3335427A65}"
EndProject
Project("{FAE04EC0-301F-11D3-BF4B-00C04F79EFBC}") = "17_OOP_3_Inheritance_6", "17_OOP_3_Inheritance_6\17_OOP_3_Inheritance_6.csproj", "{550BB0DF-6DF8-43EB-A60E-E87097AA75B0}"
EndProject
Project("{FAE04EC0-301F-11D3-BF4B-00C04F79EFBC}") = "17_OOP_4_Polymorphism", "17_OOP_4_Polymorphism\17_OOP_4_Polymorphism.csproj", "{10C1C8AD-0A90-4FDB-9C41-9C4842E03440}"
EndProject
Project("{FAE04EC0-301F-11D3-BF4B-00C04F79EFBC}") = "17_OOP_4_Polymorphism_2", "17_OOP_4_Polymorphism_2\17_OOP_4_Polymorphism_2.csproj", "{DDD77B1E-936A-4C83-8188-1D804B9D726C}"
EndProject
Project("{FAE04EC0-301F-11D3-BF4B-00C04F79EFBC}") = "17_OOP_4_Polymorphism_3", "17_OOP_4_Polymorphism_3\17_OOP_4_Polymorphism_3.csproj", "{BEDAB9B8-C07F-4014-8947-971FCAEEC4DE}"
EndProject
Project("{FAE04EC0-301F-11D3-BF4B-00C04F79EFBC}") = "17_OOP_4_Abstract", "17_OOP_4_Abstract\17_OOP_4_Abstract.csproj", "{CB37972B-EDC3-41B6-A402-FA4A52C64BF2}"
EndProject
Project("{FAE04EC0-301F-11D3-BF4B-00C04F79EFBC}") = "17_OOP_4_Abstract_2", "17_OOP_4_Abstract_2\17_OOP_4_Abstract_2.csproj", "{BD201A53-CB5F-4E96-9203-601843861B01}"
EndProject
Project("{FAE04EC0-301F-11D3-BF4B-00C04F79EFBC}") = "17_OOP_4_Abstract_3", "17_OOP_4_Abstract_3\17_OOP_4_Abstract_3.csproj", "{D3E3C167-0762-49D9-9C9E-81826AF1B2F5}"
EndProject
Project("{FAE04EC0-301F-11D3-BF4B-00C04F79EFBC}") = "17_OOP_5_Interface", "17_OOP_5_Interface\17_OOP_5_Interface.csproj", "{9B3BA8AB-A1CB-44C3-B21E-9137E342ADCF}"
EndProject
Project("{FAE04EC0-301F-11D3-BF4B-00C04F79EFBC}") = "17_OOP_5_Interface_2", "17_OOP_Interface_2\17_OOP_5_Interface_2.csproj", "{4AA15F4B-8BB9-4D66-975E-587494FB4B89}"
EndProject
Project("{FAE04EC0-301F-11D3-BF4B-00C04F79EFBC}") = "17_OOP_5_Interface_3", "17_OOP_5_Interface_3\17_OOP_5_Interface_3.csproj", "{51BF7AFA-AAE7-48E5-A6E1-E7C918DF88CE}"
EndProject
Project("{FAE04EC0-301F-11D3-BF4B-00C04F79EFBC}") = "17_OOP_6_RentACar", "17_OOP_6_RentACar\17_OOP_6_RentACar.csproj", "{8BBB06DC-2BC2-48C2-A583-BEB49162A13D}"
EndProject
Project("{FAE04EC0-301F-11D3-BF4B-00C04F79EFBC}") = "17_OOP_3_Inheritance_7", "17_OOP_3_Inheritance_7\17_OOP_3_Inheritance_7.csproj", "{76FFF728-4CF2-4841-8919-CCC22D0FB4D0}"
EndProject
Project("{FAE04EC0-301F-11D3-BF4B-00C04F79EFBC}") = "17_OOP_5_Interface_4", "17_OOP_5_Interface_4\17_OOP_5_Interface_4.csproj", "{572E38F0-0D3D-4EE0-8D6A-7BFA89B531BD}"
EndProject
Global
	GlobalSection(SolutionConfigurationPlatforms) = preSolution
		Debug|Any CPU = Debug|Any CPU
		Release|Any CPU = Release|Any CPU
	EndGlobalSection
	GlobalSection(ProjectConfigurationPlatforms) = postSolution
		{221897D6-9177-4F47-88C3-BF16C844684F}.Debug|Any CPU.ActiveCfg = Debug|Any CPU
		{221897D6-9177-4F47-88C3-BF16C844684F}.Debug|Any CPU.Build.0 = Debug|Any CPU
		{221897D6-9177-4F47-88C3-BF16C844684F}.Release|Any CPU.ActiveCfg = Release|Any CPU
		{221897D6-9177-4F47-88C3-BF16C844684F}.Release|Any CPU.Build.0 = Release|Any CPU
		{B2CC976E-7A97-4026-B429-11BBB7E6EF2B}.Debug|Any CPU.ActiveCfg = Debug|Any CPU
		{B2CC976E-7A97-4026-B429-11BBB7E6EF2B}.Debug|Any CPU.Build.0 = Debug|Any CPU
		{B2CC976E-7A97-4026-B429-11BBB7E6EF2B}.Release|Any CPU.ActiveCfg = Release|Any CPU
		{B2CC976E-7A97-4026-B429-11BBB7E6EF2B}.Release|Any CPU.Build.0 = Release|Any CPU
		{919A729E-E2BA-4CDA-8664-BAD9A39E25C4}.Debug|Any CPU.ActiveCfg = Debug|Any CPU
		{919A729E-E2BA-4CDA-8664-BAD9A39E25C4}.Debug|Any CPU.Build.0 = Debug|Any CPU
		{919A729E-E2BA-4CDA-8664-BAD9A39E25C4}.Release|Any CPU.ActiveCfg = Release|Any CPU
		{919A729E-E2BA-4CDA-8664-BAD9A39E25C4}.Release|Any CPU.Build.0 = Release|Any CPU
		{E92952BF-9DF2-4ED0-9502-BAB6D8617615}.Debug|Any CPU.ActiveCfg = Debug|Any CPU
		{E92952BF-9DF2-4ED0-9502-BAB6D8617615}.Debug|Any CPU.Build.0 = Debug|Any CPU
		{E92952BF-9DF2-4ED0-9502-BAB6D8617615}.Release|Any CPU.ActiveCfg = Release|Any CPU
		{E92952BF-9DF2-4ED0-9502-BAB6D8617615}.Release|Any CPU.Build.0 = Release|Any CPU
		{0BD7E911-F922-4FD1-9B6B-BD1719C3C156}.Debug|Any CPU.ActiveCfg = Debug|Any CPU
		{0BD7E911-F922-4FD1-9B6B-BD1719C3C156}.Debug|Any CPU.Build.0 = Debug|Any CPU
		{0BD7E911-F922-4FD1-9B6B-BD1719C3C156}.Release|Any CPU.ActiveCfg = Release|Any CPU
		{0BD7E911-F922-4FD1-9B6B-BD1719C3C156}.Release|Any CPU.Build.0 = Release|Any CPU
		{931DF6D9-021D-D63A-ADE6-3A143E5CA2F9}.Debug|Any CPU.ActiveCfg = Debug|Any CPU
		{931DF6D9-021D-D63A-ADE6-3A143E5CA2F9}.Debug|Any CPU.Build.0 = Debug|Any CPU
		{931DF6D9-021D-D63A-ADE6-3A143E5CA2F9}.Release|Any CPU.ActiveCfg = Release|Any CPU
		{931DF6D9-021D-D63A-ADE6-3A143E5CA2F9}.Release|Any CPU.Build.0 = Release|Any CPU
		{A5D95CA8-6FE6-46F0-B832-368BB0BC6248}.Debug|Any CPU.ActiveCfg = Debug|Any CPU
		{A5D95CA8-6FE6-46F0-B832-368BB0BC6248}.Debug|Any CPU.Build.0 = Debug|Any CPU
		{A5D95CA8-6FE6-46F0-B832-368BB0BC6248}.Release|Any CPU.ActiveCfg = Release|Any CPU
		{A5D95CA8-6FE6-46F0-B832-368BB0BC6248}.Release|Any CPU.Build.0 = Release|Any CPU
		{0BC706BE-9E23-4962-A2B3-44BF51BFEED8}.Debug|Any CPU.ActiveCfg = Debug|Any CPU
		{0BC706BE-9E23-4962-A2B3-44BF51BFEED8}.Debug|Any CPU.Build.0 = Debug|Any CPU
		{0BC706BE-9E23-4962-A2B3-44BF51BFEED8}.Release|Any CPU.ActiveCfg = Release|Any CPU
		{0BC706BE-9E23-4962-A2B3-44BF51BFEED8}.Release|Any CPU.Build.0 = Release|Any CPU
		{AC1577A7-F7F3-48FC-BA5C-4CBFD448B0F0}.Debug|Any CPU.ActiveCfg = Debug|Any CPU
		{AC1577A7-F7F3-48FC-BA5C-4CBFD448B0F0}.Debug|Any CPU.Build.0 = Debug|Any CPU
		{AC1577A7-F7F3-48FC-BA5C-4CBFD448B0F0}.Release|Any CPU.ActiveCfg = Release|Any CPU
		{AC1577A7-F7F3-48FC-BA5C-4CBFD448B0F0}.Release|Any CPU.Build.0 = Release|Any CPU
		{2529A926-BBDE-4905-B375-43AD81CDCAAD}.Debug|Any CPU.ActiveCfg = Debug|Any CPU
		{2529A926-BBDE-4905-B375-43AD81CDCAAD}.Debug|Any CPU.Build.0 = Debug|Any CPU
		{2529A926-BBDE-4905-B375-43AD81CDCAAD}.Release|Any CPU.ActiveCfg = Release|Any CPU
		{2529A926-BBDE-4905-B375-43AD81CDCAAD}.Release|Any CPU.Build.0 = Release|Any CPU
		{01200BA8-79AC-4A5B-9666-A5743B26C2B5}.Debug|Any CPU.ActiveCfg = Debug|Any CPU
		{01200BA8-79AC-4A5B-9666-A5743B26C2B5}.Debug|Any CPU.Build.0 = Debug|Any CPU
		{01200BA8-79AC-4A5B-9666-A5743B26C2B5}.Release|Any CPU.ActiveCfg = Release|Any CPU
		{01200BA8-79AC-4A5B-9666-A5743B26C2B5}.Release|Any CPU.Build.0 = Release|Any CPU
		{52B8344E-5458-4860-8F96-E996245E929A}.Debug|Any CPU.ActiveCfg = Debug|Any CPU
		{52B8344E-5458-4860-8F96-E996245E929A}.Debug|Any CPU.Build.0 = Debug|Any CPU
		{52B8344E-5458-4860-8F96-E996245E929A}.Release|Any CPU.ActiveCfg = Release|Any CPU
		{52B8344E-5458-4860-8F96-E996245E929A}.Release|Any CPU.Build.0 = Release|Any CPU
		{6753ECCC-5387-4A55-9047-45666F4312D2}.Debug|Any CPU.ActiveCfg = Debug|Any CPU
		{6753ECCC-5387-4A55-9047-45666F4312D2}.Debug|Any CPU.Build.0 = Debug|Any CPU
		{6753ECCC-5387-4A55-9047-45666F4312D2}.Release|Any CPU.ActiveCfg = Release|Any CPU
		{6753ECCC-5387-4A55-9047-45666F4312D2}.Release|Any CPU.Build.0 = Release|Any CPU
		{0D70DD89-B89E-4095-8B3F-9C23ABBD4694}.Debug|Any CPU.ActiveCfg = Debug|Any CPU
		{0D70DD89-B89E-4095-8B3F-9C23ABBD4694}.Debug|Any CPU.Build.0 = Debug|Any CPU
		{0D70DD89-B89E-4095-8B3F-9C23ABBD4694}.Release|Any CPU.ActiveCfg = Release|Any CPU
		{0D70DD89-B89E-4095-8B3F-9C23ABBD4694}.Release|Any CPU.Build.0 = Release|Any CPU
		{C049C569-A9A4-4073-BB03-21EEC6083248}.Debug|Any CPU.ActiveCfg = Debug|Any CPU
		{C049C569-A9A4-4073-BB03-21EEC6083248}.Debug|Any CPU.Build.0 = Debug|Any CPU
		{C049C569-A9A4-4073-BB03-21EEC6083248}.Release|Any CPU.ActiveCfg = Release|Any CPU
		{C049C569-A9A4-4073-BB03-21EEC6083248}.Release|Any CPU.Build.0 = Release|Any CPU
		{F55F7745-4885-4877-94E4-A95E4DE4A51A}.Debug|Any CPU.ActiveCfg = Debug|Any CPU
		{F55F7745-4885-4877-94E4-A95E4DE4A51A}.Debug|Any CPU.Build.0 = Debug|Any CPU
		{F55F7745-4885-4877-94E4-A95E4DE4A51A}.Release|Any CPU.ActiveCfg = Release|Any CPU
		{F55F7745-4885-4877-94E4-A95E4DE4A51A}.Release|Any CPU.Build.0 = Release|Any CPU
		{7AD99C99-A045-4ADF-978C-A3533004F1A2}.Debug|Any CPU.ActiveCfg = Debug|Any CPU
		{7AD99C99-A045-4ADF-978C-A3533004F1A2}.Debug|Any CPU.Build.0 = Debug|Any CPU
		{7AD99C99-A045-4ADF-978C-A3533004F1A2}.Release|Any CPU.ActiveCfg = Release|Any CPU
		{7AD99C99-A045-4ADF-978C-A3533004F1A2}.Release|Any CPU.Build.0 = Release|Any CPU
		{22624D5D-53C8-48AD-B01F-5C31FFAB2CF4}.Debug|Any CPU.ActiveCfg = Debug|Any CPU
		{22624D5D-53C8-48AD-B01F-5C31FFAB2CF4}.Debug|Any CPU.Build.0 = Debug|Any CPU
		{22624D5D-53C8-48AD-B01F-5C31FFAB2CF4}.Release|Any CPU.ActiveCfg = Release|Any CPU
		{22624D5D-53C8-48AD-B01F-5C31FFAB2CF4}.Release|Any CPU.Build.0 = Release|Any CPU
		{40232A27-2277-42C7-B4EA-73505D42B03A}.Debug|Any CPU.ActiveCfg = Debug|Any CPU
		{40232A27-2277-42C7-B4EA-73505D42B03A}.Debug|Any CPU.Build.0 = Debug|Any CPU
		{40232A27-2277-42C7-B4EA-73505D42B03A}.Release|Any CPU.ActiveCfg = Release|Any CPU
		{40232A27-2277-42C7-B4EA-73505D42B03A}.Release|Any CPU.Build.0 = Release|Any CPU
		{6E39CF06-6A58-4455-90FC-C366CDB6AFF6}.Debug|Any CPU.ActiveCfg = Debug|Any CPU
		{6E39CF06-6A58-4455-90FC-C366CDB6AFF6}.Debug|Any CPU.Build.0 = Debug|Any CPU
		{6E39CF06-6A58-4455-90FC-C366CDB6AFF6}.Release|Any CPU.ActiveCfg = Release|Any CPU
		{6E39CF06-6A58-4455-90FC-C366CDB6AFF6}.Release|Any CPU.Build.0 = Release|Any CPU
		{969B7C2C-C938-4A3C-82F2-B11834C7FE35}.Debug|Any CPU.ActiveCfg = Debug|Any CPU
		{969B7C2C-C938-4A3C-82F2-B11834C7FE35}.Debug|Any CPU.Build.0 = Debug|Any CPU
		{969B7C2C-C938-4A3C-82F2-B11834C7FE35}.Release|Any CPU.ActiveCfg = Release|Any CPU
		{969B7C2C-C938-4A3C-82F2-B11834C7FE35}.Release|Any CPU.Build.0 = Release|Any CPU
		{10B5A262-2CFE-47BA-A1D5-B89573741C2F}.Debug|Any CPU.ActiveCfg = Debug|Any CPU
		{10B5A262-2CFE-47BA-A1D5-B89573741C2F}.Debug|Any CPU.Build.0 = Debug|Any CPU
		{10B5A262-2CFE-47BA-A1D5-B89573741C2F}.Release|Any CPU.ActiveCfg = Release|Any CPU
		{10B5A262-2CFE-47BA-A1D5-B89573741C2F}.Release|Any CPU.Build.0 = Release|Any CPU
		{DB2D7D7F-178C-470D-A1D0-D12EEE3FC98F}.Debug|Any CPU.ActiveCfg = Debug|Any CPU
		{DB2D7D7F-178C-470D-A1D0-D12EEE3FC98F}.Debug|Any CPU.Build.0 = Debug|Any CPU
		{DB2D7D7F-178C-470D-A1D0-D12EEE3FC98F}.Release|Any CPU.ActiveCfg = Release|Any CPU
		{DB2D7D7F-178C-470D-A1D0-D12EEE3FC98F}.Release|Any CPU.Build.0 = Release|Any CPU
		{561270EC-E6B2-4440-B993-701902B81BE4}.Debug|Any CPU.ActiveCfg = Debug|Any CPU
		{561270EC-E6B2-4440-B993-701902B81BE4}.Debug|Any CPU.Build.0 = Debug|Any CPU
		{561270EC-E6B2-4440-B993-701902B81BE4}.Release|Any CPU.ActiveCfg = Release|Any CPU
		{561270EC-E6B2-4440-B993-701902B81BE4}.Release|Any CPU.Build.0 = Release|Any CPU
		{0275406E-0C7E-451E-8E45-C6544FEEF669}.Debug|Any CPU.ActiveCfg = Debug|Any CPU
		{0275406E-0C7E-451E-8E45-C6544FEEF669}.Debug|Any CPU.Build.0 = Debug|Any CPU
		{0275406E-0C7E-451E-8E45-C6544FEEF669}.Release|Any CPU.ActiveCfg = Release|Any CPU
		{0275406E-0C7E-451E-8E45-C6544FEEF669}.Release|Any CPU.Build.0 = Release|Any CPU
		{52E0ACB2-10BF-4467-A207-7474D67A804B}.Debug|Any CPU.ActiveCfg = Debug|Any CPU
		{52E0ACB2-10BF-4467-A207-7474D67A804B}.Debug|Any CPU.Build.0 = Debug|Any CPU
		{52E0ACB2-10BF-4467-A207-7474D67A804B}.Release|Any CPU.ActiveCfg = Release|Any CPU
		{52E0ACB2-10BF-4467-A207-7474D67A804B}.Release|Any CPU.Build.0 = Release|Any CPU
		{13BDBF6E-8306-471E-AAD4-8435725C6830}.Debug|Any CPU.ActiveCfg = Debug|Any CPU
		{13BDBF6E-8306-471E-AAD4-8435725C6830}.Debug|Any CPU.Build.0 = Debug|Any CPU
		{13BDBF6E-8306-471E-AAD4-8435725C6830}.Release|Any CPU.ActiveCfg = Release|Any CPU
		{13BDBF6E-8306-471E-AAD4-8435725C6830}.Release|Any CPU.Build.0 = Release|Any CPU
		{1E70613A-0A10-410E-9E90-D827B74E8642}.Debug|Any CPU.ActiveCfg = Debug|Any CPU
		{1E70613A-0A10-410E-9E90-D827B74E8642}.Debug|Any CPU.Build.0 = Debug|Any CPU
		{1E70613A-0A10-410E-9E90-D827B74E8642}.Release|Any CPU.ActiveCfg = Release|Any CPU
		{1E70613A-0A10-410E-9E90-D827B74E8642}.Release|Any CPU.Build.0 = Release|Any CPU
		{A61CF3C6-BB17-4EBA-B8B2-6495DB8AFE03}.Debug|Any CPU.ActiveCfg = Debug|Any CPU
		{A61CF3C6-BB17-4EBA-B8B2-6495DB8AFE03}.Debug|Any CPU.Build.0 = Debug|Any CPU
		{A61CF3C6-BB17-4EBA-B8B2-6495DB8AFE03}.Release|Any CPU.ActiveCfg = Release|Any CPU
		{A61CF3C6-BB17-4EBA-B8B2-6495DB8AFE03}.Release|Any CPU.Build.0 = Release|Any CPU
		{326036F8-8C8A-4F01-9FA1-36161769F369}.Debug|Any CPU.ActiveCfg = Debug|Any CPU
		{326036F8-8C8A-4F01-9FA1-36161769F369}.Debug|Any CPU.Build.0 = Debug|Any CPU
		{326036F8-8C8A-4F01-9FA1-36161769F369}.Release|Any CPU.ActiveCfg = Release|Any CPU
		{326036F8-8C8A-4F01-9FA1-36161769F369}.Release|Any CPU.Build.0 = Release|Any CPU
		{59B8125C-E6C4-48BF-929B-8BB8E8519801}.Debug|Any CPU.ActiveCfg = Debug|Any CPU
		{59B8125C-E6C4-48BF-929B-8BB8E8519801}.Debug|Any CPU.Build.0 = Debug|Any CPU
		{59B8125C-E6C4-48BF-929B-8BB8E8519801}.Release|Any CPU.ActiveCfg = Release|Any CPU
		{59B8125C-E6C4-48BF-929B-8BB8E8519801}.Release|Any CPU.Build.0 = Release|Any CPU
		{897CDC92-1495-48C3-B005-59C9EA4EB0C7}.Debug|Any CPU.ActiveCfg = Debug|Any CPU
		{897CDC92-1495-48C3-B005-59C9EA4EB0C7}.Debug|Any CPU.Build.0 = Debug|Any CPU
		{897CDC92-1495-48C3-B005-59C9EA4EB0C7}.Release|Any CPU.ActiveCfg = Release|Any CPU
		{897CDC92-1495-48C3-B005-59C9EA4EB0C7}.Release|Any CPU.Build.0 = Release|Any CPU
		{0E608A3F-C363-4D94-AB4D-DC3335427A65}.Debug|Any CPU.ActiveCfg = Debug|Any CPU
		{0E608A3F-C363-4D94-AB4D-DC3335427A65}.Debug|Any CPU.Build.0 = Debug|Any CPU
		{0E608A3F-C363-4D94-AB4D-DC3335427A65}.Release|Any CPU.ActiveCfg = Release|Any CPU
		{0E608A3F-C363-4D94-AB4D-DC3335427A65}.Release|Any CPU.Build.0 = Release|Any CPU
		{550BB0DF-6DF8-43EB-A60E-E87097AA75B0}.Debug|Any CPU.ActiveCfg = Debug|Any CPU
		{550BB0DF-6DF8-43EB-A60E-E87097AA75B0}.Debug|Any CPU.Build.0 = Debug|Any CPU
		{550BB0DF-6DF8-43EB-A60E-E87097AA75B0}.Release|Any CPU.ActiveCfg = Release|Any CPU
		{550BB0DF-6DF8-43EB-A60E-E87097AA75B0}.Release|Any CPU.Build.0 = Release|Any CPU
		{10C1C8AD-0A90-4FDB-9C41-9C4842E03440}.Debug|Any CPU.ActiveCfg = Debug|Any CPU
		{10C1C8AD-0A90-4FDB-9C41-9C4842E03440}.Debug|Any CPU.Build.0 = Debug|Any CPU
		{10C1C8AD-0A90-4FDB-9C41-9C4842E03440}.Release|Any CPU.ActiveCfg = Release|Any CPU
		{10C1C8AD-0A90-4FDB-9C41-9C4842E03440}.Release|Any CPU.Build.0 = Release|Any CPU
		{DDD77B1E-936A-4C83-8188-1D804B9D726C}.Debug|Any CPU.ActiveCfg = Debug|Any CPU
		{DDD77B1E-936A-4C83-8188-1D804B9D726C}.Debug|Any CPU.Build.0 = Debug|Any CPU
		{DDD77B1E-936A-4C83-8188-1D804B9D726C}.Release|Any CPU.ActiveCfg = Release|Any CPU
		{DDD77B1E-936A-4C83-8188-1D804B9D726C}.Release|Any CPU.Build.0 = Release|Any CPU
		{BEDAB9B8-C07F-4014-8947-971FCAEEC4DE}.Debug|Any CPU.ActiveCfg = Debug|Any CPU
		{BEDAB9B8-C07F-4014-8947-971FCAEEC4DE}.Debug|Any CPU.Build.0 = Debug|Any CPU
		{BEDAB9B8-C07F-4014-8947-971FCAEEC4DE}.Release|Any CPU.ActiveCfg = Release|Any CPU
		{BEDAB9B8-C07F-4014-8947-971FCAEEC4DE}.Release|Any CPU.Build.0 = Release|Any CPU
		{CB37972B-EDC3-41B6-A402-FA4A52C64BF2}.Debug|Any CPU.ActiveCfg = Debug|Any CPU
		{CB37972B-EDC3-41B6-A402-FA4A52C64BF2}.Debug|Any CPU.Build.0 = Debug|Any CPU
		{CB37972B-EDC3-41B6-A402-FA4A52C64BF2}.Release|Any CPU.ActiveCfg = Release|Any CPU
		{CB37972B-EDC3-41B6-A402-FA4A52C64BF2}.Release|Any CPU.Build.0 = Release|Any CPU
		{BD201A53-CB5F-4E96-9203-601843861B01}.Debug|Any CPU.ActiveCfg = Debug|Any CPU
		{BD201A53-CB5F-4E96-9203-601843861B01}.Debug|Any CPU.Build.0 = Debug|Any CPU
		{BD201A53-CB5F-4E96-9203-601843861B01}.Release|Any CPU.ActiveCfg = Release|Any CPU
		{BD201A53-CB5F-4E96-9203-601843861B01}.Release|Any CPU.Build.0 = Release|Any CPU
		{D3E3C167-0762-49D9-9C9E-81826AF1B2F5}.Debug|Any CPU.ActiveCfg = Debug|Any CPU
		{D3E3C167-0762-49D9-9C9E-81826AF1B2F5}.Debug|Any CPU.Build.0 = Debug|Any CPU
		{D3E3C167-0762-49D9-9C9E-81826AF1B2F5}.Release|Any CPU.ActiveCfg = Release|Any CPU
		{D3E3C167-0762-49D9-9C9E-81826AF1B2F5}.Release|Any CPU.Build.0 = Release|Any CPU
		{9B3BA8AB-A1CB-44C3-B21E-9137E342ADCF}.Debug|Any CPU.ActiveCfg = Debug|Any CPU
		{9B3BA8AB-A1CB-44C3-B21E-9137E342ADCF}.Debug|Any CPU.Build.0 = Debug|Any CPU
		{9B3BA8AB-A1CB-44C3-B21E-9137E342ADCF}.Release|Any CPU.ActiveCfg = Release|Any CPU
		{9B3BA8AB-A1CB-44C3-B21E-9137E342ADCF}.Release|Any CPU.Build.0 = Release|Any CPU
		{4AA15F4B-8BB9-4D66-975E-587494FB4B89}.Debug|Any CPU.ActiveCfg = Debug|Any CPU
		{4AA15F4B-8BB9-4D66-975E-587494FB4B89}.Debug|Any CPU.Build.0 = Debug|Any CPU
		{4AA15F4B-8BB9-4D66-975E-587494FB4B89}.Release|Any CPU.ActiveCfg = Release|Any CPU
		{4AA15F4B-8BB9-4D66-975E-587494FB4B89}.Release|Any CPU.Build.0 = Release|Any CPU
		{51BF7AFA-AAE7-48E5-A6E1-E7C918DF88CE}.Debug|Any CPU.ActiveCfg = Debug|Any CPU
		{51BF7AFA-AAE7-48E5-A6E1-E7C918DF88CE}.Debug|Any CPU.Build.0 = Debug|Any CPU
		{51BF7AFA-AAE7-48E5-A6E1-E7C918DF88CE}.Release|Any CPU.ActiveCfg = Release|Any CPU
		{51BF7AFA-AAE7-48E5-A6E1-E7C918DF88CE}.Release|Any CPU.Build.0 = Release|Any CPU
		{8BBB06DC-2BC2-48C2-A583-BEB49162A13D}.Debug|Any CPU.ActiveCfg = Debug|Any CPU
		{8BBB06DC-2BC2-48C2-A583-BEB49162A13D}.Debug|Any CPU.Build.0 = Debug|Any CPU
		{8BBB06DC-2BC2-48C2-A583-BEB49162A13D}.Release|Any CPU.ActiveCfg = Release|Any CPU
		{8BBB06DC-2BC2-48C2-A583-BEB49162A13D}.Release|Any CPU.Build.0 = Release|Any CPU
		{76FFF728-4CF2-4841-8919-CCC22D0FB4D0}.Debug|Any CPU.ActiveCfg = Debug|Any CPU
		{76FFF728-4CF2-4841-8919-CCC22D0FB4D0}.Debug|Any CPU.Build.0 = Debug|Any CPU
		{76FFF728-4CF2-4841-8919-CCC22D0FB4D0}.Release|Any CPU.ActiveCfg = Release|Any CPU
		{76FFF728-4CF2-4841-8919-CCC22D0FB4D0}.Release|Any CPU.Build.0 = Release|Any CPU
		{572E38F0-0D3D-4EE0-8D6A-7BFA89B531BD}.Debug|Any CPU.ActiveCfg = Debug|Any CPU
		{572E38F0-0D3D-4EE0-8D6A-7BFA89B531BD}.Debug|Any CPU.Build.0 = Debug|Any CPU
		{572E38F0-0D3D-4EE0-8D6A-7BFA89B531BD}.Release|Any CPU.ActiveCfg = Release|Any CPU
		{572E38F0-0D3D-4EE0-8D6A-7BFA89B531BD}.Release|Any CPU.Build.0 = Release|Any CPU
	EndGlobalSection
	GlobalSection(SolutionProperties) = preSolution
		HideSolutionNode = FALSE
	EndGlobalSection
	GlobalSection(ExtensibilityGlobals) = postSolution
		SolutionGuid = {2E88CB10-F247-42F9-9B47-1671C640AE30}
	EndGlobalSection
EndGlobal
