
Microsoft Visual Studio Solution File, Format Version 12.00
# Visual Studio Version 17
VisualStudioVersion = 17.14.36414.22
MinimumVisualStudioVersion = 10.0.40219.1
Project("{FAE04EC0-301F-11D3-BF4B-00C04F79EFBC}") = "01_Algoritma", "01_Algoritma\01_Algoritma.csproj", "{221897D6-9177-4F47-88C3-BF16C844684F}"
EndProject
Project("{FAE04EC0-301F-11D3-BF4B-00C04F79EFBC}") = "02_Degiskenler_VeriTipleri", "02_Degiskenler_VeriTipleri\02_Degiskenler_VeriTipleri.csproj", "{B2CC976E-7A97-4026-B429-11BBB7E6EF2B}"
EndProject
Project("{FAE04EC0-301F-11D3-BF4B-00C04F79EFBC}") = "03_TurDonusumleri_Operatorler", "03_TurDonusumleri_Operatorler\03_TurDonusumleri_Operatorler.csproj", "{919A729E-E2BA-4CDA-8664-BAD9A39E25C4}"
EndProject
Project("{FAE04EC0-301F-11D3-BF4B-00C04F79EFBC}") = "04_DateTime", "04_DateTime\04_DateTime.csproj", "{E92952BF-9DF2-4ED0-9502-BAB6D8617615}"
EndProject
Project("{FAE04EC0-301F-11D3-BF4B-00C04F79EFBC}") = "05_StringMetotlar", "05_StringMetotlar\05_StringMetotlar.csproj", "{0BD7E911-F922-4FD1-9B6B-BD1719C3C156}"
EndProject
Project("{FAE04EC0-301F-11D3-BF4B-00C04F79EFBC}") = "06_KararYapilari", "06_KararYapilari\06_KararYapilari.csproj", "{931DF6D9-021D-D63A-ADE6-3A143E5CA2F9}"
EndProject
Project("{FAE04EC0-301F-11D3-BF4B-00C04F79EFBC}") = "07_Bankamatik", "07_Bankamatik\07_Bankamatik.csproj", "{A5D95CA8-6FE6-46F0-B832-368BB0BC6248}"
EndProject
Project("{FAE04EC0-301F-11D3-BF4B-00C04F79EFBC}") = "08_Döngüler", "08_Döngüler\08_Döngüler.csproj", "{0BC706BE-9E23-4962-A2B3-44BF51BFEED8}"
EndProject
Project("{FAE04EC0-301F-11D3-BF4B-00C04F79EFBC}") = "09_Array", "09_Array\09_Array.csproj", "{AC1577A7-F7F3-48FC-BA5C-4CBFD448B0F0}"
EndProject
Project("{FAE04EC0-301F-11D3-BF4B-00C04F79EFBC}") = "10_Otomat", "10_Otomat\10_Otomat.csproj", "{2529A926-BBDE-4905-B375-43AD81CDCAAD}"
EndProject
Project("{FAE04EC0-301F-11D3-BF4B-00C04F79EFBC}") = "11_ArrayList", "11_ArrayList\11_ArrayList.csproj", "{01200BA8-79AC-4A5B-9666-A5743B26C2B5}"
EndProject
Project("{FAE04EC0-301F-11D3-BF4B-00C04F79EFBC}") = "12_Methods", "12_Methods\12_Methods.csproj", "{52B8344E-5458-4860-8F96-E996245E929A}"
EndProject
Project("{FAE04EC0-301F-11D3-BF4B-00C04F79EFBC}") = "13_List", "13_List\13_List.csproj", "{6753ECCC-5387-4A55-9047-45666F4312D2}"
EndProject
Project("{FAE04EC0-301F-11D3-BF4B-00C04F79EFBC}") = "14_Class_1", "14_Class_1\14_Class_1.csproj", "{0D70DD89-B89E-4095-8B3F-9C23ABBD4694}"
EndProject
Project("{FAE04EC0-301F-11D3-BF4B-00C04F79EFBC}") = "14_Class_2", "14_Class_2\14_Class_2.csproj", "{C049C569-A9A4-4073-BB03-21EEC6083248}"
EndProject
Project("{FAE04EC0-301F-11D3-BF4B-00C04F79EFBC}") = "14_Class_3", "14_Class_3\14_Class_3.csproj", "{F55F7745-4885-4877-94E4-A95E4DE4A51A}"
EndProject
Project("{FAE04EC0-301F-11D3-BF4B-00C04F79EFBC}") = "15_Kutuphane_Otomasyonu", "15_Kutuphane_Otomasyonu\15_Kutuphane_Otomasyonu.csproj", "{7AD99C99-A045-4ADF-978C-A3533004F1A2}"
EndProject
Global
	GlobalSection(SolutionConfigurationPlatforms) = preSolution
		Debug|Any CPU = Debug|Any CPU
		Release|Any CPU = Release|Any CPU
	EndGlobalSection
	GlobalSection(ProjectConfigurationPlatforms) = postSolution
		{221897D6-9177-4F47-88C3-BF16C844684F}.Debug|Any CPU.ActiveCfg = Debug|Any CPU
		{221897D6-9177-4F47-88C3-BF16C844684F}.Debug|Any CPU.Build.0 = Debug|Any CPU
		{221897D6-9177-4F47-88C3-BF16C844684F}.Release|Any CPU.ActiveCfg = Release|Any CPU
		{221897D6-9177-4F47-88C3-BF16C844684F}.Release|Any CPU.Build.0 = Release|Any CPU
		{B2CC976E-7A97-4026-B429-11BBB7E6EF2B}.Debug|Any CPU.ActiveCfg = Debug|Any CPU
		{B2CC976E-7A97-4026-B429-11BBB7E6EF2B}.Debug|Any CPU.Build.0 = Debug|Any CPU
		{B2CC976E-7A97-4026-B429-11BBB7E6EF2B}.Release|Any CPU.ActiveCfg = Release|Any CPU
		{B2CC976E-7A97-4026-B429-11BBB7E6EF2B}.Release|Any CPU.Build.0 = Release|Any CPU
		{919A729E-E2BA-4CDA-8664-BAD9A39E25C4}.Debug|Any CPU.ActiveCfg = Debug|Any CPU
		{919A729E-E2BA-4CDA-8664-BAD9A39E25C4}.Debug|Any CPU.Build.0 = Debug|Any CPU
		{919A729E-E2BA-4CDA-8664-BAD9A39E25C4}.Release|Any CPU.ActiveCfg = Release|Any CPU
		{919A729E-E2BA-4CDA-8664-BAD9A39E25C4}.Release|Any CPU.Build.0 = Release|Any CPU
		{E92952BF-9DF2-4ED0-9502-BAB6D8617615}.Debug|Any CPU.ActiveCfg = Debug|Any CPU
		{E92952BF-9DF2-4ED0-9502-BAB6D8617615}.Debug|Any CPU.Build.0 = Debug|Any CPU
		{E92952BF-9DF2-4ED0-9502-BAB6D8617615}.Release|Any CPU.ActiveCfg = Release|Any CPU
		{E92952BF-9DF2-4ED0-9502-BAB6D8617615}.Release|Any CPU.Build.0 = Release|Any CPU
		{0BD7E911-F922-4FD1-9B6B-BD1719C3C156}.Debug|Any CPU.ActiveCfg = Debug|Any CPU
		{0BD7E911-F922-4FD1-9B6B-BD1719C3C156}.Debug|Any CPU.Build.0 = Debug|Any CPU
		{0BD7E911-F922-4FD1-9B6B-BD1719C3C156}.Release|Any CPU.ActiveCfg = Release|Any CPU
		{0BD7E911-F922-4FD1-9B6B-BD1719C3C156}.Release|Any CPU.Build.0 = Release|Any CPU
		{931DF6D9-021D-D63A-ADE6-3A143E5CA2F9}.Debug|Any CPU.ActiveCfg = Debug|Any CPU
		{931DF6D9-021D-D63A-ADE6-3A143E5CA2F9}.Debug|Any CPU.Build.0 = Debug|Any CPU
		{931DF6D9-021D-D63A-ADE6-3A143E5CA2F9}.Release|Any CPU.ActiveCfg = Release|Any CPU
		{931DF6D9-021D-D63A-ADE6-3A143E5CA2F9}.Release|Any CPU.Build.0 = Release|Any CPU
		{A5D95CA8-6FE6-46F0-B832-368BB0BC6248}.Debug|Any CPU.ActiveCfg = Debug|Any CPU
		{A5D95CA8-6FE6-46F0-B832-368BB0BC6248}.Debug|Any CPU.Build.0 = Debug|Any CPU
		{A5D95CA8-6FE6-46F0-B832-368BB0BC6248}.Release|Any CPU.ActiveCfg = Release|Any CPU
		{A5D95CA8-6FE6-46F0-B832-368BB0BC6248}.Release|Any CPU.Build.0 = Release|Any CPU
		{0BC706BE-9E23-4962-A2B3-44BF51BFEED8}.Debug|Any CPU.ActiveCfg = Debug|Any CPU
		{0BC706BE-9E23-4962-A2B3-44BF51BFEED8}.Debug|Any CPU.Build.0 = Debug|Any CPU
		{0BC706BE-9E23-4962-A2B3-44BF51BFEED8}.Release|Any CPU.ActiveCfg = Release|Any CPU
		{0BC706BE-9E23-4962-A2B3-44BF51BFEED8}.Release|Any CPU.Build.0 = Release|Any CPU
		{AC1577A7-F7F3-48FC-BA5C-4CBFD448B0F0}.Debug|Any CPU.ActiveCfg = Debug|Any CPU
		{AC1577A7-F7F3-48FC-BA5C-4CBFD448B0F0}.Debug|Any CPU.Build.0 = Debug|Any CPU
		{AC1577A7-F7F3-48FC-BA5C-4CBFD448B0F0}.Release|Any CPU.ActiveCfg = Release|Any CPU
		{AC1577A7-F7F3-48FC-BA5C-4CBFD448B0F0}.Release|Any CPU.Build.0 = Release|Any CPU
		{2529A926-BBDE-4905-B375-43AD81CDCAAD}.Debug|Any CPU.ActiveCfg = Debug|Any CPU
		{2529A926-BBDE-4905-B375-43AD81CDCAAD}.Debug|Any CPU.Build.0 = Debug|Any CPU
		{2529A926-BBDE-4905-B375-43AD81CDCAAD}.Release|Any CPU.ActiveCfg = Release|Any CPU
		{2529A926-BBDE-4905-B375-43AD81CDCAAD}.Release|Any CPU.Build.0 = Release|Any CPU
		{01200BA8-79AC-4A5B-9666-A5743B26C2B5}.Debug|Any CPU.ActiveCfg = Debug|Any CPU
		{01200BA8-79AC-4A5B-9666-A5743B26C2B5}.Debug|Any CPU.Build.0 = Debug|Any CPU
		{01200BA8-79AC-4A5B-9666-A5743B26C2B5}.Release|Any CPU.ActiveCfg = Release|Any CPU
		{01200BA8-79AC-4A5B-9666-A5743B26C2B5}.Release|Any CPU.Build.0 = Release|Any CPU
		{52B8344E-5458-4860-8F96-E996245E929A}.Debug|Any CPU.ActiveCfg = Debug|Any CPU
		{52B8344E-5458-4860-8F96-E996245E929A}.Debug|Any CPU.Build.0 = Debug|Any CPU
		{52B8344E-5458-4860-8F96-E996245E929A}.Release|Any CPU.ActiveCfg = Release|Any CPU
		{52B8344E-5458-4860-8F96-E996245E929A}.Release|Any CPU.Build.0 = Release|Any CPU
		{6753ECCC-5387-4A55-9047-45666F4312D2}.Debug|Any CPU.ActiveCfg = Debug|Any CPU
		{6753ECCC-5387-4A55-9047-45666F4312D2}.Debug|Any CPU.Build.0 = Debug|Any CPU
		{6753ECCC-5387-4A55-9047-45666F4312D2}.Release|Any CPU.ActiveCfg = Release|Any CPU
		{6753ECCC-5387-4A55-9047-45666F4312D2}.Release|Any CPU.Build.0 = Release|Any CPU
		{0D70DD89-B89E-4095-8B3F-9C23ABBD4694}.Debug|Any CPU.ActiveCfg = Debug|Any CPU
		{0D70DD89-B89E-4095-8B3F-9C23ABBD4694}.Debug|Any CPU.Build.0 = Debug|Any CPU
		{0D70DD89-B89E-4095-8B3F-9C23ABBD4694}.Release|Any CPU.ActiveCfg = Release|Any CPU
		{0D70DD89-B89E-4095-8B3F-9C23ABBD4694}.Release|Any CPU.Build.0 = Release|Any CPU
		{C049C569-A9A4-4073-BB03-21EEC6083248}.Debug|Any CPU.ActiveCfg = Debug|Any CPU
		{C049C569-A9A4-4073-BB03-21EEC6083248}.Debug|Any CPU.Build.0 = Debug|Any CPU
		{C049C569-A9A4-4073-BB03-21EEC6083248}.Release|Any CPU.ActiveCfg = Release|Any CPU
		{C049C569-A9A4-4073-BB03-21EEC6083248}.Release|Any CPU.Build.0 = Release|Any CPU
		{F55F7745-4885-4877-94E4-A95E4DE4A51A}.Debug|Any CPU.ActiveCfg = Debug|Any CPU
		{F55F7745-4885-4877-94E4-A95E4DE4A51A}.Debug|Any CPU.Build.0 = Debug|Any CPU
		{F55F7745-4885-4877-94E4-A95E4DE4A51A}.Release|Any CPU.ActiveCfg = Release|Any CPU
		{F55F7745-4885-4877-94E4-A95E4DE4A51A}.Release|Any CPU.Build.0 = Release|Any CPU
		{7AD99C99-A045-4ADF-978C-A3533004F1A2}.Debug|Any CPU.ActiveCfg = Debug|Any CPU
		{7AD99C99-A045-4ADF-978C-A3533004F1A2}.Debug|Any CPU.Build.0 = Debug|Any CPU
		{7AD99C99-A045-4ADF-978C-A3533004F1A2}.Release|Any CPU.ActiveCfg = Release|Any CPU
		{7AD99C99-A045-4ADF-978C-A3533004F1A2}.Release|Any CPU.Build.0 = Release|Any CPU
	EndGlobalSection
	GlobalSection(SolutionProperties) = preSolution
		HideSolutionNode = FALSE
	EndGlobalSection
	GlobalSection(ExtensibilityGlobals) = postSolution
		SolutionGuid = {2E88CB10-F247-42F9-9B47-1671C640AE30}
	EndGlobalSection
EndGlobal
